
Microsoft Visual Studio Solution File, Format Version 12.00
# Visual Studio 14
VisualStudioVersion = 14.0.25420.1
MinimumVisualStudioVersion = 10.0.40219.1
Project("{8BC9CEB8-8B4A-11D0-8D11-00A0C91BC942}") = "UnityInjector", "UnityInjector\UnityInjector.vcxproj", "{6E75C020-BC4A-4463-8451-6DF71DA784AB}"
EndProject
Project("{FAE04EC0-301F-11D3-BF4B-00C04F79EFBC}") = "GameHack", "GameHack\GameHack.csproj", "{C8254FE9-5BF5-493D-B04D-17DCCB84D509}"
EndProject
Project("{8BC9CEB8-8B4A-11D0-8D11-00A0C91BC942}") = "Injector", "Injector\Injector.vcxproj", "{D9D146C9-8314-42F8-ABAA-E5FC9B4D52C4}"
EndProject
Global
	GlobalSection(SolutionConfigurationPlatforms) = preSolution
		Debug|Any CPU = Debug|Any CPU
		Debug|x64 = Debug|x64
		Debug|x86 = Debug|x86
		Release|Any CPU = Release|Any CPU
		Release|x64 = Release|x64
		Release|x86 = Release|x86
	EndGlobalSection
	GlobalSection(ProjectConfigurationPlatforms) = postSolution
		{6E75C020-BC4A-4463-8451-6DF71DA784AB}.Debug|Any CPU.ActiveCfg = Debug|Win32
		{6E75C020-BC4A-4463-8451-6DF71DA784AB}.Debug|x64.ActiveCfg = Debug|x64
		{6E75C020-BC4A-4463-8451-6DF71DA784AB}.Debug|x64.Build.0 = Debug|x64
		{6E75C020-BC4A-4463-8451-6DF71DA784AB}.Debug|x86.ActiveCfg = Debug|Win32
		{6E75C020-BC4A-4463-8451-6DF71DA784AB}.Debug|x86.Build.0 = Debug|Win32
		{6E75C020-BC4A-4463-8451-6DF71DA784AB}.Release|Any CPU.ActiveCfg = Release|Win32
		{6E75C020-BC4A-4463-8451-6DF71DA784AB}.Release|x64.ActiveCfg = Release|x64
		{6E75C020-BC4A-4463-8451-6DF71DA784AB}.Release|x64.Build.0 = Release|x64
		{6E75C020-BC4A-4463-8451-6DF71DA784AB}.Release|x86.ActiveCfg = Release|Win32
		{6E75C020-BC4A-4463-8451-6DF71DA784AB}.Release|x86.Build.0 = Release|Win32
		{C8254FE9-5BF5-493D-B04D-17DCCB84D509}.Debug|Any CPU.ActiveCfg = Debug|Any CPU
		{C8254FE9-5BF5-493D-B04D-17DCCB84D509}.Debug|Any CPU.Build.0 = Debug|Any CPU
		{C8254FE9-5BF5-493D-B04D-17DCCB84D509}.Debug|x64.ActiveCfg = Debug|Any CPU
		{C8254FE9-5BF5-493D-B04D-17DCCB84D509}.Debug|x64.Build.0 = Debug|Any CPU
		{C8254FE9-5BF5-493D-B04D-17DCCB84D509}.Debug|x86.ActiveCfg = Debug|Any CPU
		{C8254FE9-5BF5-493D-B04D-17DCCB84D509}.Debug|x86.Build.0 = Debug|Any CPU
		{C8254FE9-5BF5-493D-B04D-17DCCB84D509}.Release|Any CPU.ActiveCfg = Release|Any CPU
		{C8254FE9-5BF5-493D-B04D-17DCCB84D509}.Release|Any CPU.Build.0 = Release|Any CPU
		{C8254FE9-5BF5-493D-B04D-17DCCB84D509}.Release|x64.ActiveCfg = Release|Any CPU
		{C8254FE9-5BF5-493D-B04D-17DCCB84D509}.Release|x64.Build.0 = Release|Any CPU
		{C8254FE9-5BF5-493D-B04D-17DCCB84D509}.Release|x86.ActiveCfg = Release|Any CPU
		{C8254FE9-5BF5-493D-B04D-17DCCB84D509}.Release|x86.Build.0 = Release|Any CPU
		{D9D146C9-8314-42F8-ABAA-E5FC9B4D52C4}.Debug|Any CPU.ActiveCfg = Debug|Win32
		{D9D146C9-8314-42F8-ABAA-E5FC9B4D52C4}.Debug|x64.ActiveCfg = Debug|x64
		{D9D146C9-8314-42F8-ABAA-E5FC9B4D52C4}.Debug|x64.Build.0 = Debug|x64
		{D9D146C9-8314-42F8-ABAA-E5FC9B4D52C4}.Debug|x86.ActiveCfg = Debug|Win32
		{D9D146C9-8314-42F8-ABAA-E5FC9B4D52C4}.Debug|x86.Build.0 = Debug|Win32
		{D9D146C9-8314-42F8-ABAA-E5FC9B4D52C4}.Release|Any CPU.ActiveCfg = Release|Win32
		{D9D146C9-8314-42F8-ABAA-E5FC9B4D52C4}.Release|x64.ActiveCfg = Release|x64
		{D9D146C9-8314-42F8-ABAA-E5FC9B4D52C4}.Release|x64.Build.0 = Release|x64
		{D9D146C9-8314-42F8-ABAA-E5FC9B4D52C4}.Release|x86.ActiveCfg = Release|Win32
		{D9D146C9-8314-42F8-ABAA-E5FC9B4D52C4}.Release|x86.Build.0 = Release|Win32
	EndGlobalSection
	GlobalSection(SolutionProperties) = preSolution
		HideSolutionNode = FALSE
	EndGlobalSection
EndGlobal
